
Microsoft Visual Studio Solution File, Format Version 12.00
# Visual Studio Version 16
VisualStudioVersion = 16.0.29911.84
MinimumVisualStudioVersion = 10.0.40219.1
Project("{8BC9CEB8-8B4A-11D0-8D11-00A0C91BC942}") = "laba8", "laba8.vcxproj", "{B871306B-2235-4033-B773-7D355407301C}"
EndProject
Global
	GlobalSection(SolutionConfigurationPlatforms) = preSolution
		Debug|x64 = Debug|x64
		Debug|x86 = Debug|x86
		Release|x64 = Release|x64
		Release|x86 = Release|x86
	EndGlobalSection
	GlobalSection(ProjectConfigurationPlatforms) = postSolution
		{B871306B-2235-4033-B773-7D355407301C}.Debug|x64.ActiveCfg = Debug|x64
		{B871306B-2235-4033-B773-7D355407301C}.Debug|x64.Build.0 = Debug|x64
		{B871306B-2235-4033-B773-7D355407301C}.Debug|x86.ActiveCfg = Debug|Win32
		{B871306B-2235-4033-B773-7D355407301C}.Debug|x86.Build.0 = Debug|Win32
		{B871306B-2235-4033-B773-7D355407301C}.Release|x64.ActiveCfg = Release|x64
		{B871306B-2235-4033-B773-7D355407301C}.Release|x64.Build.0 = Release|x64
		{B871306B-2235-4033-B773-7D355407301C}.Release|x86.ActiveCfg = Release|Win32
		{B871306B-2235-4033-B773-7D355407301C}.Release|x86.Build.0 = Release|Win32
	EndGlobalSection
	GlobalSection(SolutionProperties) = preSolution
		HideSolutionNode = FALSE
	EndGlobalSection
	GlobalSection(ExtensibilityGlobals) = postSolution
		SolutionGuid = {4E9F9348-E027-49E9-8AEE-BB896A0F6F2E}
	EndGlobalSection
EndGlobal
